
Microsoft Visual Studio Solution File, Format Version 12.00
# Visual Studio 15
VisualStudioVersion = 15.0.27004.2005
MinimumVisualStudioVersion = 10.0.40219.1
Project("{9A19103F-16F7-4668-BE54-9A1E7A4F7556}") = "VideoConverter", "VideoConverter\VideoConverter.csproj", "{8D5F11BD-58A7-483A-AE40-22017F0D19B4}"
EndProject
Project("{9A19103F-16F7-4668-BE54-9A1E7A4F7556}") = "HandbrakeCliWrapper", "HandbrakeCliWrapper\HandbrakeCliWrapper.csproj", "{AC1B6E70-8224-45EC-9F33-435BFB35A131}"
EndProject
Global
	GlobalSection(SolutionConfigurationPlatforms) = preSolution
		Debug|Any CPU = Debug|Any CPU
		Release|Any CPU = Release|Any CPU
	EndGlobalSection
	GlobalSection(ProjectConfigurationPlatforms) = postSolution
		{8D5F11BD-58A7-483A-AE40-22017F0D19B4}.Debug|Any CPU.ActiveCfg = Debug|Any CPU
		{8D5F11BD-58A7-483A-AE40-22017F0D19B4}.Debug|Any CPU.Build.0 = Debug|Any CPU
		{8D5F11BD-58A7-483A-AE40-22017F0D19B4}.Release|Any CPU.ActiveCfg = Release|Any CPU
		{8D5F11BD-58A7-483A-AE40-22017F0D19B4}.Release|Any CPU.Build.0 = Release|Any CPU
		{AC1B6E70-8224-45EC-9F33-435BFB35A131}.Debug|Any CPU.ActiveCfg = Debug|Any CPU
		{AC1B6E70-8224-45EC-9F33-435BFB35A131}.Debug|Any CPU.Build.0 = Debug|Any CPU
		{AC1B6E70-8224-45EC-9F33-435BFB35A131}.Release|Any CPU.ActiveCfg = Release|Any CPU
		{AC1B6E70-8224-45EC-9F33-435BFB35A131}.Release|Any CPU.Build.0 = Release|Any CPU
	EndGlobalSection
	GlobalSection(SolutionProperties) = preSolution
		HideSolutionNode = FALSE
	EndGlobalSection
	GlobalSection(ExtensibilityGlobals) = postSolution
		SolutionGuid = {AE0943BD-2341-4DDF-A2C3-13C081643B3B}
	EndGlobalSection
EndGlobal
